// !$*UTF8*$!
{
	archiveVersion = 1;
	classes = {
	};
	objectVersion = 56;
	objects = {

/* Begin PBXBuildFile section */
		D8DACFD02938D7720023AE6E /* ScheduleView.swift in Sources */ = {isa = PBXBuildFile; fileRef = D8DACFCF2938D7720023AE6E /* ScheduleView.swift */; };
		D8DACFD22938D7C30023AE6E /* ScheduleView.storyboard in Resources */ = {isa = PBXBuildFile; fileRef = D8DACFD12938D7C30023AE6E /* ScheduleView.storyboard */; };
		DE50BB08293885670027AFF2 /* GOiOSApp.swift in Sources */ = {isa = PBXBuildFile; fileRef = DE50BB07293885670027AFF2 /* GOiOSApp.swift */; };
		DE50BB0A293885670027AFF2 /* SignInView.swift in Sources */ = {isa = PBXBuildFile; fileRef = DE50BB09293885670027AFF2 /* SignInView.swift */; };
		DE50BB0C293885680027AFF2 /* Assets.xcassets in Resources */ = {isa = PBXBuildFile; fileRef = DE50BB0B293885680027AFF2 /* Assets.xcassets */; };
		DE50BB0F293885680027AFF2 /* Preview Assets.xcassets in Resources */ = {isa = PBXBuildFile; fileRef = DE50BB0E293885680027AFF2 /* Preview Assets.xcassets */; };
		DE50BB19293885680027AFF2 /* GOiOSTests.swift in Sources */ = {isa = PBXBuildFile; fileRef = DE50BB18293885680027AFF2 /* GOiOSTests.swift */; };
		DE50BB23293885680027AFF2 /* GOiOSUITests.swift in Sources */ = {isa = PBXBuildFile; fileRef = DE50BB22293885680027AFF2 /* GOiOSUITests.swift */; };
		DE50BB25293885680027AFF2 /* GOiOSUITestsLaunchTests.swift in Sources */ = {isa = PBXBuildFile; fileRef = DE50BB24293885680027AFF2 /* GOiOSUITestsLaunchTests.swift */; };

		DEB3DBEB2938EA7000526413 /* SignUpView.swift in Sources */ = {isa = PBXBuildFile; fileRef = DEB3DBEA2938EA7000526413 /* SignUpView.swift */; };
		DEC22931293DC69B003FA188 /* ScheduleListView.swift in Sources */ = {isa = PBXBuildFile; fileRef = DEC22930293DC69B003FA188 /* ScheduleListView.swift */; };
    
/* End PBXBuildFile section */

/* Begin PBXContainerItemProxy section */
		DE50BB15293885680027AFF2 /* PBXContainerItemProxy */ = {
			isa = PBXContainerItemProxy;
			containerPortal = DE50BAFC293885670027AFF2 /* Project object */;
			proxyType = 1;
			remoteGlobalIDString = DE50BB03293885670027AFF2;
			remoteInfo = GOiOS;
		};
		DE50BB1F293885680027AFF2 /* PBXContainerItemProxy */ = {
			isa = PBXContainerItemProxy;
			containerPortal = DE50BAFC293885670027AFF2 /* Project object */;
			proxyType = 1;
			remoteGlobalIDString = DE50BB03293885670027AFF2;
			remoteInfo = GOiOS;
		};
/* End PBXContainerItemProxy section */

/* Begin PBXFileReference section */
		D8DACFCF2938D7720023AE6E /* ScheduleView.swift */ = {isa = PBXFileReference; lastKnownFileType = sourcecode.swift; path = ScheduleView.swift; sourceTree = "<group>"; };
		D8DACFD12938D7C30023AE6E /* ScheduleView.storyboard */ = {isa = PBXFileReference; lastKnownFileType = file.storyboard; path = ScheduleView.storyboard; sourceTree = "<group>"; };
		DE50BB04293885670027AFF2 /* GOiOS.app */ = {isa = PBXFileReference; explicitFileType = wrapper.application; includeInIndex = 0; path = GOiOS.app; sourceTree = BUILT_PRODUCTS_DIR; };
		DE50BB07293885670027AFF2 /* GOiOSApp.swift */ = {isa = PBXFileReference; lastKnownFileType = sourcecode.swift; path = GOiOSApp.swift; sourceTree = "<group>"; };
		DE50BB09293885670027AFF2 /* SignInView.swift */ = {isa = PBXFileReference; lastKnownFileType = sourcecode.swift; path = SignInView.swift; sourceTree = "<group>"; };
		DE50BB0B293885680027AFF2 /* Assets.xcassets */ = {isa = PBXFileReference; lastKnownFileType = folder.assetcatalog; path = Assets.xcassets; sourceTree = "<group>"; };
		DE50BB0E293885680027AFF2 /* Preview Assets.xcassets */ = {isa = PBXFileReference; lastKnownFileType = folder.assetcatalog; path = "Preview Assets.xcassets"; sourceTree = "<group>"; };
		DE50BB14293885680027AFF2 /* GOiOSTests.xctest */ = {isa = PBXFileReference; explicitFileType = wrapper.cfbundle; includeInIndex = 0; path = GOiOSTests.xctest; sourceTree = BUILT_PRODUCTS_DIR; };
		DE50BB18293885680027AFF2 /* GOiOSTests.swift */ = {isa = PBXFileReference; lastKnownFileType = sourcecode.swift; path = GOiOSTests.swift; sourceTree = "<group>"; };
		DE50BB1E293885680027AFF2 /* GOiOSUITests.xctest */ = {isa = PBXFileReference; explicitFileType = wrapper.cfbundle; includeInIndex = 0; path = GOiOSUITests.xctest; sourceTree = BUILT_PRODUCTS_DIR; };
		DE50BB22293885680027AFF2 /* GOiOSUITests.swift */ = {isa = PBXFileReference; lastKnownFileType = sourcecode.swift; path = GOiOSUITests.swift; sourceTree = "<group>"; };
		DE50BB24293885680027AFF2 /* GOiOSUITestsLaunchTests.swift */ = {isa = PBXFileReference; lastKnownFileType = sourcecode.swift; path = GOiOSUITestsLaunchTests.swift; sourceTree = "<group>"; };
		DEB3DBEA2938EA7000526413 /* SignUpView.swift */ = {isa = PBXFileReference; lastKnownFileType = sourcecode.swift; path = SignUpView.swift; sourceTree = "<group>"; };
		DEC22930293DC69B003FA188 /* ScheduleListView.swift */ = {isa = PBXFileReference; lastKnownFileType = sourcecode.swift; path = ScheduleListView.swift; sourceTree = "<group>"; };

/* End PBXFileReference section */

/* Begin PBXFrameworksBuildPhase section */
		DE50BB01293885670027AFF2 /* Frameworks */ = {
			isa = PBXFrameworksBuildPhase;
			buildActionMask = 2147483647;
			files = (
			);
			runOnlyForDeploymentPostprocessing = 0;
		};
		DE50BB11293885680027AFF2 /* Frameworks */ = {
			isa = PBXFrameworksBuildPhase;
			buildActionMask = 2147483647;
			files = (
			);
			runOnlyForDeploymentPostprocessing = 0;
		};
		DE50BB1B293885680027AFF2 /* Frameworks */ = {
			isa = PBXFrameworksBuildPhase;
			buildActionMask = 2147483647;
			files = (
			);
			runOnlyForDeploymentPostprocessing = 0;
		};
/* End PBXFrameworksBuildPhase section */

/* Begin PBXGroup section */
		DE50BAFB293885670027AFF2 = {
			isa = PBXGroup;
			children = (
				DE50BB06293885670027AFF2 /* GOiOS */,
				DE50BB17293885680027AFF2 /* GOiOSTests */,
				DE50BB21293885680027AFF2 /* GOiOSUITests */,
				DE50BB05293885670027AFF2 /* Products */,
			);
			sourceTree = "<group>";
		};
		DE50BB05293885670027AFF2 /* Products */ = {
			isa = PBXGroup;
			children = (
				DE50BB04293885670027AFF2 /* GOiOS.app */,
				DE50BB14293885680027AFF2 /* GOiOSTests.xctest */,
				DE50BB1E293885680027AFF2 /* GOiOSUITests.xctest */,
			);
			name = Products;
			sourceTree = "<group>";
		};
		DE50BB06293885670027AFF2 /* GOiOS */ = {
			isa = PBXGroup;
			children = (
				DE50BB07293885670027AFF2 /* GOiOSApp.swift */,
				DE50BB09293885670027AFF2 /* SignInView.swift */,
				DEB3DBEA2938EA7000526413 /* SignUpView.swift */,
				DEC22930293DC69B003FA188 /* ScheduleListView.swift */,
				DE50BB0B293885680027AFF2 /* Assets.xcassets */,
				DE50BB0D293885680027AFF2 /* Preview Content */,
				D8DACFCF2938D7720023AE6E /* ScheduleView.swift */,
				D8DACFD12938D7C30023AE6E /* ScheduleView.storyboard */,
			);
			path = GOiOS;
			sourceTree = "<group>";
		};
		DE50BB0D293885680027AFF2 /* Preview Content */ = {
			isa = PBXGroup;
			children = (
				DE50BB0E293885680027AFF2 /* Preview Assets.xcassets */,
			);
			path = "Preview Content";
			sourceTree = "<group>";
		};
		DE50BB17293885680027AFF2 /* GOiOSTests */ = {
			isa = PBXGroup;
			children = (
				DE50BB18293885680027AFF2 /* GOiOSTests.swift */,
			);
			path = GOiOSTests;
			sourceTree = "<group>";
		};
		DE50BB21293885680027AFF2 /* GOiOSUITests */ = {
			isa = PBXGroup;
			children = (
				DE50BB22293885680027AFF2 /* GOiOSUITests.swift */,
				DE50BB24293885680027AFF2 /* GOiOSUITestsLaunchTests.swift */,
			);
			path = GOiOSUITests;
			sourceTree = "<group>";
		};
/* End PBXGroup section */

/* Begin PBXNativeTarget section */
		DE50BB03293885670027AFF2 /* GOiOS */ = {
			isa = PBXNativeTarget;
			buildConfigurationList = DE50BB28293885680027AFF2 /* Build configuration list for PBXNativeTarget "GOiOS" */;
			buildPhases = (
				DE50BB00293885670027AFF2 /* Sources */,
				DE50BB01293885670027AFF2 /* Frameworks */,
				DE50BB02293885670027AFF2 /* Resources */,
			);
			buildRules = (
			);
			dependencies = (
			);
			name = GOiOS;
			productName = GOiOS;
			productReference = DE50BB04293885670027AFF2 /* GOiOS.app */;
			productType = "com.apple.product-type.application";
		};
		DE50BB13293885680027AFF2 /* GOiOSTests */ = {
			isa = PBXNativeTarget;
			buildConfigurationList = DE50BB2B293885680027AFF2 /* Build configuration list for PBXNativeTarget "GOiOSTests" */;
			buildPhases = (
				DE50BB10293885680027AFF2 /* Sources */,
				DE50BB11293885680027AFF2 /* Frameworks */,
				DE50BB12293885680027AFF2 /* Resources */,
			);
			buildRules = (
			);
			dependencies = (
				DE50BB16293885680027AFF2 /* PBXTargetDependency */,
			);
			name = GOiOSTests;
			productName = GOiOSTests;
			productReference = DE50BB14293885680027AFF2 /* GOiOSTests.xctest */;
			productType = "com.apple.product-type.bundle.unit-test";
		};
		DE50BB1D293885680027AFF2 /* GOiOSUITests */ = {
			isa = PBXNativeTarget;
			buildConfigurationList = DE50BB2E293885680027AFF2 /* Build configuration list for PBXNativeTarget "GOiOSUITests" */;
			buildPhases = (
				DE50BB1A293885680027AFF2 /* Sources */,
				DE50BB1B293885680027AFF2 /* Frameworks */,
				DE50BB1C293885680027AFF2 /* Resources */,
			);
			buildRules = (
			);
			dependencies = (
				DE50BB20293885680027AFF2 /* PBXTargetDependency */,
			);
			name = GOiOSUITests;
			productName = GOiOSUITests;
			productReference = DE50BB1E293885680027AFF2 /* GOiOSUITests.xctest */;
			productType = "com.apple.product-type.bundle.ui-testing";
		};
/* End PBXNativeTarget section */

/* Begin PBXProject section */
		DE50BAFC293885670027AFF2 /* Project object */ = {
			isa = PBXProject;
			attributes = {
				BuildIndependentTargetsInParallel = 1;
				LastSwiftUpdateCheck = 1400;
				LastUpgradeCheck = 1400;
				TargetAttributes = {
					DE50BB03293885670027AFF2 = {
						CreatedOnToolsVersion = 14.0.1;
					};
					DE50BB13293885680027AFF2 = {
						CreatedOnToolsVersion = 14.0.1;
						TestTargetID = DE50BB03293885670027AFF2;
					};
					DE50BB1D293885680027AFF2 = {
						CreatedOnToolsVersion = 14.0.1;
						TestTargetID = DE50BB03293885670027AFF2;
					};
				};
			};
			buildConfigurationList = DE50BAFF293885670027AFF2 /* Build configuration list for PBXProject "GOiOS" */;
			compatibilityVersion = "Xcode 14.0";
			developmentRegion = en;
			hasScannedForEncodings = 0;
			knownRegions = (
				en,
				Base,
			);
			mainGroup = DE50BAFB293885670027AFF2;
			productRefGroup = DE50BB05293885670027AFF2 /* Products */;
			projectDirPath = "";
			projectRoot = "";
			targets = (
				DE50BB03293885670027AFF2 /* GOiOS */,
				DE50BB13293885680027AFF2 /* GOiOSTests */,
				DE50BB1D293885680027AFF2 /* GOiOSUITests */,
			);
		};
/* End PBXProject section */

/* Begin PBXResourcesBuildPhase section */
		DE50BB02293885670027AFF2 /* Resources */ = {
			isa = PBXResourcesBuildPhase;
			buildActionMask = 2147483647;
			files = (
				D8DACFD22938D7C30023AE6E /* ScheduleView.storyboard in Resources */,
				DE50BB0F293885680027AFF2 /* Preview Assets.xcassets in Resources */,
				DE50BB0C293885680027AFF2 /* Assets.xcassets in Resources */,
			);
			runOnlyForDeploymentPostprocessing = 0;
		};
		DE50BB12293885680027AFF2 /* Resources */ = {
			isa = PBXResourcesBuildPhase;
			buildActionMask = 2147483647;
			files = (
			);
			runOnlyForDeploymentPostprocessing = 0;
		};
		DE50BB1C293885680027AFF2 /* Resources */ = {
			isa = PBXResourcesBuildPhase;
			buildActionMask = 2147483647;
			files = (
			);
			runOnlyForDeploymentPostprocessing = 0;
		};
/* End PBXResourcesBuildPhase section */

/* Begin PBXSourcesBuildPhase section */
		DE50BB00293885670027AFF2 /* Sources */ = {
			isa = PBXSourcesBuildPhase;
			buildActionMask = 2147483647;
			files = (
				DEC22931293DC69B003FA188 /* ScheduleListView.swift in Sources */,
				DEB3DBEB2938EA7000526413 /* SignUpView.swift in Sources */,
				DE50BB0A293885670027AFF2 /* SignInView.swift in Sources */,
				DE50BB08293885670027AFF2 /* GOiOSApp.swift in Sources */,
				D8DACFD02938D7720023AE6E /* ScheduleView.swift in Sources */,
			);
			runOnlyForDeploymentPostprocessing = 0;
		};
		DE50BB10293885680027AFF2 /* Sources */ = {
			isa = PBXSourcesBuildPhase;
			buildActionMask = 2147483647;
			files = (
				DE50BB19293885680027AFF2 /* GOiOSTests.swift in Sources */,
			);
			runOnlyForDeploymentPostprocessing = 0;
		};
		DE50BB1A293885680027AFF2 /* Sources */ = {
			isa = PBXSourcesBuildPhase;
			buildActionMask = 2147483647;
			files = (
				DE50BB25293885680027AFF2 /* GOiOSUITestsLaunchTests.swift in Sources */,
				DE50BB23293885680027AFF2 /* GOiOSUITests.swift in Sources */,
			);
			runOnlyForDeploymentPostprocessing = 0;
		};
/* End PBXSourcesBuildPhase section */

/* Begin PBXTargetDependency section */
		DE50BB16293885680027AFF2 /* PBXTargetDependency */ = {
			isa = PBXTargetDependency;
			target = DE50BB03293885670027AFF2 /* GOiOS */;
			targetProxy = DE50BB15293885680027AFF2 /* PBXContainerItemProxy */;
		};
		DE50BB20293885680027AFF2 /* PBXTargetDependency */ = {
			isa = PBXTargetDependency;
			target = DE50BB03293885670027AFF2 /* GOiOS */;
			targetProxy = DE50BB1F293885680027AFF2 /* PBXContainerItemProxy */;
		};
/* End PBXTargetDependency section */

/* Begin XCBuildConfiguration section */
		DE50BB26293885680027AFF2 /* Debug */ = {
			isa = XCBuildConfiguration;
			buildSettings = {
				ALWAYS_SEARCH_USER_PATHS = NO;
				CLANG_ANALYZER_NONNULL = YES;
				CLANG_ANALYZER_NUMBER_OBJECT_CONVERSION = YES_AGGRESSIVE;
				CLANG_CXX_LANGUAGE_STANDARD = "gnu++20";
				CLANG_ENABLE_MODULES = YES;
				CLANG_ENABLE_OBJC_ARC = YES;
				CLANG_ENABLE_OBJC_WEAK = YES;
				CLANG_WARN_BLOCK_CAPTURE_AUTORELEASING = YES;
				CLANG_WARN_BOOL_CONVERSION = YES;
				CLANG_WARN_COMMA = YES;
				CLANG_WARN_CONSTANT_CONVERSION = YES;
				CLANG_WARN_DEPRECATED_OBJC_IMPLEMENTATIONS = YES;
				CLANG_WARN_DIRECT_OBJC_ISA_USAGE = YES_ERROR;
				CLANG_WARN_DOCUMENTATION_COMMENTS = YES;
				CLANG_WARN_EMPTY_BODY = YES;
				CLANG_WARN_ENUM_CONVERSION = YES;
				CLANG_WARN_INFINITE_RECURSION = YES;
				CLANG_WARN_INT_CONVERSION = YES;
				CLANG_WARN_NON_LITERAL_NULL_CONVERSION = YES;
				CLANG_WARN_OBJC_IMPLICIT_RETAIN_SELF = YES;
				CLANG_WARN_OBJC_LITERAL_CONVERSION = YES;
				CLANG_WARN_OBJC_ROOT_CLASS = YES_ERROR;
				CLANG_WARN_QUOTED_INCLUDE_IN_FRAMEWORK_HEADER = YES;
				CLANG_WARN_RANGE_LOOP_ANALYSIS = YES;
				CLANG_WARN_STRICT_PROTOTYPES = YES;
				CLANG_WARN_SUSPICIOUS_MOVE = YES;
				CLANG_WARN_UNGUARDED_AVAILABILITY = YES_AGGRESSIVE;
				CLANG_WARN_UNREACHABLE_CODE = YES;
				CLANG_WARN__DUPLICATE_METHOD_MATCH = YES;
				COPY_PHASE_STRIP = NO;
				DEBUG_INFORMATION_FORMAT = dwarf;
				ENABLE_STRICT_OBJC_MSGSEND = YES;
				ENABLE_TESTABILITY = YES;
				GCC_C_LANGUAGE_STANDARD = gnu11;
				GCC_DYNAMIC_NO_PIC = NO;
				GCC_NO_COMMON_BLOCKS = YES;
				GCC_OPTIMIZATION_LEVEL = 0;
				GCC_PREPROCESSOR_DEFINITIONS = (
					"DEBUG=1",
					"$(inherited)",
				);
				GCC_WARN_64_TO_32_BIT_CONVERSION = YES;
				GCC_WARN_ABOUT_RETURN_TYPE = YES_ERROR;
				GCC_WARN_UNDECLARED_SELECTOR = YES;
				GCC_WARN_UNINITIALIZED_AUTOS = YES_AGGRESSIVE;
				GCC_WARN_UNUSED_FUNCTION = YES;
				GCC_WARN_UNUSED_VARIABLE = YES;
				IPHONEOS_DEPLOYMENT_TARGET = 16.0;
				MTL_ENABLE_DEBUG_INFO = INCLUDE_SOURCE;
				MTL_FAST_MATH = YES;
				ONLY_ACTIVE_ARCH = YES;
				SDKROOT = iphoneos;
				SWIFT_ACTIVE_COMPILATION_CONDITIONS = DEBUG;
				SWIFT_OPTIMIZATION_LEVEL = "-Onone";
			};
			name = Debug;
		};
		DE50BB27293885680027AFF2 /* Release */ = {
			isa = XCBuildConfiguration;
			buildSettings = {
				ALWAYS_SEARCH_USER_PATHS = NO;
				CLANG_ANALYZER_NONNULL = YES;
				CLANG_ANALYZER_NUMBER_OBJECT_CONVERSION = YES_AGGRESSIVE;
				CLANG_CXX_LANGUAGE_STANDARD = "gnu++20";
				CLANG_ENABLE_MODULES = YES;
				CLANG_ENABLE_OBJC_ARC = YES;
				CLANG_ENABLE_OBJC_WEAK = YES;
				CLANG_WARN_BLOCK_CAPTURE_AUTORELEASING = YES;
				CLANG_WARN_BOOL_CONVERSION = YES;
				CLANG_WARN_COMMA = YES;
				CLANG_WARN_CONSTANT_CONVERSION = YES;
				CLANG_WARN_DEPRECATED_OBJC_IMPLEMENTATIONS = YES;
				CLANG_WARN_DIRECT_OBJC_ISA_USAGE = YES_ERROR;
				CLANG_WARN_DOCUMENTATION_COMMENTS = YES;
				CLANG_WARN_EMPTY_BODY = YES;
				CLANG_WARN_ENUM_CONVERSION = YES;
				CLANG_WARN_INFINITE_RECURSION = YES;
				CLANG_WARN_INT_CONVERSION = YES;
				CLANG_WARN_NON_LITERAL_NULL_CONVERSION = YES;
				CLANG_WARN_OBJC_IMPLICIT_RETAIN_SELF = YES;
				CLANG_WARN_OBJC_LITERAL_CONVERSION = YES;
				CLANG_WARN_OBJC_ROOT_CLASS = YES_ERROR;
				CLANG_WARN_QUOTED_INCLUDE_IN_FRAMEWORK_HEADER = YES;
				CLANG_WARN_RANGE_LOOP_ANALYSIS = YES;
				CLANG_WARN_STRICT_PROTOTYPES = YES;
				CLANG_WARN_SUSPICIOUS_MOVE = YES;
				CLANG_WARN_UNGUARDED_AVAILABILITY = YES_AGGRESSIVE;
				CLANG_WARN_UNREACHABLE_CODE = YES;
				CLANG_WARN__DUPLICATE_METHOD_MATCH = YES;
				COPY_PHASE_STRIP = NO;
				DEBUG_INFORMATION_FORMAT = "dwarf-with-dsym";
				ENABLE_NS_ASSERTIONS = NO;
				ENABLE_STRICT_OBJC_MSGSEND = YES;
				GCC_C_LANGUAGE_STANDARD = gnu11;
				GCC_NO_COMMON_BLOCKS = YES;
				GCC_WARN_64_TO_32_BIT_CONVERSION = YES;
				GCC_WARN_ABOUT_RETURN_TYPE = YES_ERROR;
				GCC_WARN_UNDECLARED_SELECTOR = YES;
				GCC_WARN_UNINITIALIZED_AUTOS = YES_AGGRESSIVE;
				GCC_WARN_UNUSED_FUNCTION = YES;
				GCC_WARN_UNUSED_VARIABLE = YES;
				IPHONEOS_DEPLOYMENT_TARGET = 16.0;
				MTL_ENABLE_DEBUG_INFO = NO;
				MTL_FAST_MATH = YES;
				SDKROOT = iphoneos;
				SWIFT_COMPILATION_MODE = wholemodule;
				SWIFT_OPTIMIZATION_LEVEL = "-O";
				VALIDATE_PRODUCT = YES;
			};
			name = Release;
		};
		DE50BB29293885680027AFF2 /* Debug */ = {
			isa = XCBuildConfiguration;
			buildSettings = {
				ASSETCATALOG_COMPILER_APPICON_NAME = AppIcon;
				ASSETCATALOG_COMPILER_GLOBAL_ACCENT_COLOR_NAME = AccentColor;
				CODE_SIGN_STYLE = Automatic;
				CURRENT_PROJECT_VERSION = 1;
				DEVELOPMENT_ASSET_PATHS = "\"GOiOS/Preview Content\"";
				DEVELOPMENT_TEAM = 694BMG973X;
				ENABLE_PREVIEWS = YES;
				GENERATE_INFOPLIST_FILE = YES;
				INFOPLIST_KEY_UIApplicationSceneManifest_Generation = YES;
				INFOPLIST_KEY_UIApplicationSupportsIndirectInputEvents = YES;
				INFOPLIST_KEY_UILaunchScreen_Generation = YES;
				INFOPLIST_KEY_UISupportedInterfaceOrientations_iPad = "UIInterfaceOrientationPortrait UIInterfaceOrientationPortraitUpsideDown UIInterfaceOrientationLandscapeLeft UIInterfaceOrientationLandscapeRight";
				INFOPLIST_KEY_UISupportedInterfaceOrientations_iPhone = "UIInterfaceOrientationPortrait UIInterfaceOrientationLandscapeLeft UIInterfaceOrientationLandscapeRight";
				LD_RUNPATH_SEARCH_PATHS = (
					"$(inherited)",
					"@executable_path/Frameworks",
				);
				MARKETING_VERSION = 1.0;
				PRODUCT_BUNDLE_IDENTIFIER = "-022-GOIOS-iOS-Google-Developer-Student-Clubs-TUK-com.github.GOiOS";
				PRODUCT_NAME = "$(TARGET_NAME)";
				SWIFT_EMIT_LOC_STRINGS = YES;
				SWIFT_VERSION = 5.0;
				TARGETED_DEVICE_FAMILY = "1,2";
			};
			name = Debug;
		};
		DE50BB2A293885680027AFF2 /* Release */ = {
			isa = XCBuildConfiguration;
			buildSettings = {
				ASSETCATALOG_COMPILER_APPICON_NAME = AppIcon;
				ASSETCATALOG_COMPILER_GLOBAL_ACCENT_COLOR_NAME = AccentColor;
				CODE_SIGN_STYLE = Automatic;
				CURRENT_PROJECT_VERSION = 1;
				DEVELOPMENT_ASSET_PATHS = "\"GOiOS/Preview Content\"";
				DEVELOPMENT_TEAM = 694BMG973X;
				ENABLE_PREVIEWS = YES;
				GENERATE_INFOPLIST_FILE = YES;
				INFOPLIST_KEY_UIApplicationSceneManifest_Generation = YES;
				INFOPLIST_KEY_UIApplicationSupportsIndirectInputEvents = YES;
				INFOPLIST_KEY_UILaunchScreen_Generation = YES;
				INFOPLIST_KEY_UISupportedInterfaceOrientations_iPad = "UIInterfaceOrientationPortrait UIInterfaceOrientationPortraitUpsideDown UIInterfaceOrientationLandscapeLeft UIInterfaceOrientationLandscapeRight";
				INFOPLIST_KEY_UISupportedInterfaceOrientations_iPhone = "UIInterfaceOrientationPortrait UIInterfaceOrientationLandscapeLeft UIInterfaceOrientationLandscapeRight";
				LD_RUNPATH_SEARCH_PATHS = (
					"$(inherited)",
					"@executable_path/Frameworks",
				);
				MARKETING_VERSION = 1.0;
				PRODUCT_BUNDLE_IDENTIFIER = "-022-GOIOS-iOS-Google-Developer-Student-Clubs-TUK-com.github.GOiOS";
				PRODUCT_NAME = "$(TARGET_NAME)";
				SWIFT_EMIT_LOC_STRINGS = YES;
				SWIFT_VERSION = 5.0;
				TARGETED_DEVICE_FAMILY = "1,2";
			};
			name = Release;
		};
		DE50BB2C293885680027AFF2 /* Debug */ = {
			isa = XCBuildConfiguration;
			buildSettings = {
				ALWAYS_EMBED_SWIFT_STANDARD_LIBRARIES = YES;
				BUNDLE_LOADER = "$(TEST_HOST)";
				CODE_SIGN_STYLE = Automatic;
				CURRENT_PROJECT_VERSION = 1;
				DEVELOPMENT_TEAM = 694BMG973X;
				GENERATE_INFOPLIST_FILE = YES;
				IPHONEOS_DEPLOYMENT_TARGET = 16.0;
				MARKETING_VERSION = 1.0;
				PRODUCT_BUNDLE_IDENTIFIER = "-022-GOIOS-iOS-Google-Developer-Student-Clubs-TUK-com.github.GOiOSTests";
				PRODUCT_NAME = "$(TARGET_NAME)";
				SWIFT_EMIT_LOC_STRINGS = NO;
				SWIFT_VERSION = 5.0;
				TARGETED_DEVICE_FAMILY = "1,2";
				TEST_HOST = "$(BUILT_PRODUCTS_DIR)/GOiOS.app/$(BUNDLE_EXECUTABLE_FOLDER_PATH)/GOiOS";
			};
			name = Debug;
		};
		DE50BB2D293885680027AFF2 /* Release */ = {
			isa = XCBuildConfiguration;
			buildSettings = {
				ALWAYS_EMBED_SWIFT_STANDARD_LIBRARIES = YES;
				BUNDLE_LOADER = "$(TEST_HOST)";
				CODE_SIGN_STYLE = Automatic;
				CURRENT_PROJECT_VERSION = 1;
				DEVELOPMENT_TEAM = 694BMG973X;
				GENERATE_INFOPLIST_FILE = YES;
				IPHONEOS_DEPLOYMENT_TARGET = 16.0;
				MARKETING_VERSION = 1.0;
				PRODUCT_BUNDLE_IDENTIFIER = "-022-GOIOS-iOS-Google-Developer-Student-Clubs-TUK-com.github.GOiOSTests";
				PRODUCT_NAME = "$(TARGET_NAME)";
				SWIFT_EMIT_LOC_STRINGS = NO;
				SWIFT_VERSION = 5.0;
				TARGETED_DEVICE_FAMILY = "1,2";
				TEST_HOST = "$(BUILT_PRODUCTS_DIR)/GOiOS.app/$(BUNDLE_EXECUTABLE_FOLDER_PATH)/GOiOS";
			};
			name = Release;
		};
		DE50BB2F293885680027AFF2 /* Debug */ = {
			isa = XCBuildConfiguration;
			buildSettings = {
				ALWAYS_EMBED_SWIFT_STANDARD_LIBRARIES = YES;
				CODE_SIGN_STYLE = Automatic;
				CURRENT_PROJECT_VERSION = 1;
				DEVELOPMENT_TEAM = 694BMG973X;
				GENERATE_INFOPLIST_FILE = YES;
				MARKETING_VERSION = 1.0;
				PRODUCT_BUNDLE_IDENTIFIER = "-022-GOIOS-iOS-Google-Developer-Student-Clubs-TUK-com.github.GOiOSUITests";
				PRODUCT_NAME = "$(TARGET_NAME)";
				SWIFT_EMIT_LOC_STRINGS = NO;
				SWIFT_VERSION = 5.0;
				TARGETED_DEVICE_FAMILY = "1,2";
				TEST_TARGET_NAME = GOiOS;
			};
			name = Debug;
		};
		DE50BB30293885680027AFF2 /* Release */ = {
			isa = XCBuildConfiguration;
			buildSettings = {
				ALWAYS_EMBED_SWIFT_STANDARD_LIBRARIES = YES;
				CODE_SIGN_STYLE = Automatic;
				CURRENT_PROJECT_VERSION = 1;
				DEVELOPMENT_TEAM = 694BMG973X;
				GENERATE_INFOPLIST_FILE = YES;
				MARKETING_VERSION = 1.0;
				PRODUCT_BUNDLE_IDENTIFIER = "-022-GOIOS-iOS-Google-Developer-Student-Clubs-TUK-com.github.GOiOSUITests";
				PRODUCT_NAME = "$(TARGET_NAME)";
				SWIFT_EMIT_LOC_STRINGS = NO;
				SWIFT_VERSION = 5.0;
				TARGETED_DEVICE_FAMILY = "1,2";
				TEST_TARGET_NAME = GOiOS;
			};
			name = Release;
		};
/* End XCBuildConfiguration section */

/* Begin XCConfigurationList section */
		DE50BAFF293885670027AFF2 /* Build configuration list for PBXProject "GOiOS" */ = {
			isa = XCConfigurationList;
			buildConfigurations = (
				DE50BB26293885680027AFF2 /* Debug */,
				DE50BB27293885680027AFF2 /* Release */,
			);
			defaultConfigurationIsVisible = 0;
			defaultConfigurationName = Release;
		};
		DE50BB28293885680027AFF2 /* Build configuration list for PBXNativeTarget "GOiOS" */ = {
			isa = XCConfigurationList;
			buildConfigurations = (
				DE50BB29293885680027AFF2 /* Debug */,
				DE50BB2A293885680027AFF2 /* Release */,
			);
			defaultConfigurationIsVisible = 0;
			defaultConfigurationName = Release;
		};
		DE50BB2B293885680027AFF2 /* Build configuration list for PBXNativeTarget "GOiOSTests" */ = {
			isa = XCConfigurationList;
			buildConfigurations = (
				DE50BB2C293885680027AFF2 /* Debug */,
				DE50BB2D293885680027AFF2 /* Release */,
			);
			defaultConfigurationIsVisible = 0;
			defaultConfigurationName = Release;
		};
		DE50BB2E293885680027AFF2 /* Build configuration list for PBXNativeTarget "GOiOSUITests" */ = {
			isa = XCConfigurationList;
			buildConfigurations = (
				DE50BB2F293885680027AFF2 /* Debug */,
				DE50BB30293885680027AFF2 /* Release */,
			);
			defaultConfigurationIsVisible = 0;
			defaultConfigurationName = Release;
		};
/* End XCConfigurationList section */
	};
	rootObject = DE50BAFC293885670027AFF2 /* Project object */;
}
